// !$*UTF8*$!
{
	archiveVersion = 1;
	classes = {
	};
	objectVersion = 48;
	objects = {

/* Begin PBXBuildFile section */
		DE785F09205F6A5E00758B17 /* AppDelegate.m in Sources */ = {isa = PBXBuildFile; fileRef = DE785F08205F6A5E00758B17 /* AppDelegate.m */; };
		DE785F0C205F6A5E00758B17 /* ViewController.m in Sources */ = {isa = PBXBuildFile; fileRef = DE785F0B205F6A5E00758B17 /* ViewController.m */; };
		DE785F0F205F6A5E00758B17 /* Main.storyboard in Resources */ = {isa = PBXBuildFile; fileRef = DE785F0D205F6A5E00758B17 /* Main.storyboard */; };
		DE785F11205F6A5E00758B17 /* Assets.xcassets in Resources */ = {isa = PBXBuildFile; fileRef = DE785F10205F6A5E00758B17 /* Assets.xcassets */; };
		DE785F14205F6A5E00758B17 /* LaunchScreen.storyboard in Resources */ = {isa = PBXBuildFile; fileRef = DE785F12205F6A5E00758B17 /* LaunchScreen.storyboard */; };
		DE785F17205F6A5E00758B17 /* main.m in Sources */ = {isa = PBXBuildFile; fileRef = DE785F16205F6A5E00758B17 /* main.m */; };
		DE785F21205F6A5E00758B17 /* PNGradientViewDemoTests.m in Sources */ = {isa = PBXBuildFile; fileRef = DE785F20205F6A5E00758B17 /* PNGradientViewDemoTests.m */; };
		DE785F2C205F6A5E00758B17 /* PNGradientViewDemoUITests.m in Sources */ = {isa = PBXBuildFile; fileRef = DE785F2B205F6A5E00758B17 /* PNGradientViewDemoUITests.m */; };
		DE785F3B205F822900758B17 /* PNGradientButton.m in Sources */ = {isa = PBXBuildFile; fileRef = DE785F3A205F822900758B17 /* PNGradientButton.m */; };
		DE785F42205F825F00758B17 /* PNGradientText.m in Sources */ = {isa = PBXBuildFile; fileRef = DE785F3E205F825E00758B17 /* PNGradientText.m */; };
		DE785F43205F825F00758B17 /* PNGradientLabel.m in Sources */ = {isa = PBXBuildFile; fileRef = DE785F40205F825E00758B17 /* PNGradientLabel.m */; };
		DE91D2E6206388FE008B1084 /* PNRandomProgressView.m in Sources */ = {isa = PBXBuildFile; fileRef = DE91D2E5206388FD008B1084 /* PNRandomProgressView.m */; };
		DE91D2E92063927E008B1084 /* PNProgressViewController.m in Sources */ = {isa = PBXBuildFile; fileRef = DE91D2E82063927E008B1084 /* PNProgressViewController.m */; };
		DE91D2EC20639288008B1084 /* PNTextViewController.m in Sources */ = {isa = PBXBuildFile; fileRef = DE91D2EB20639288008B1084 /* PNTextViewController.m */; };
		DE91D2EF20639292008B1084 /* PNLabelViewController.m in Sources */ = {isa = PBXBuildFile; fileRef = DE91D2EE20639292008B1084 /* PNLabelViewController.m */; };
		DE91D2F22063929B008B1084 /* PNButtonViewController.m in Sources */ = {isa = PBXBuildFile; fileRef = DE91D2F12063929B008B1084 /* PNButtonViewController.m */; };
		DE91D2F92063A0DA008B1084 /* 3.png in Resources */ = {isa = PBXBuildFile; fileRef = DE91D2F52063A0D9008B1084 /* 3.png */; };
		DE91D2FA2063A0DA008B1084 /* 4.png in Resources */ = {isa = PBXBuildFile; fileRef = DE91D2F62063A0D9008B1084 /* 4.png */; };
		DE91D2FB2063A0DA008B1084 /* 2.png in Resources */ = {isa = PBXBuildFile; fileRef = DE91D2F72063A0D9008B1084 /* 2.png */; };
		DE91D2FC2063A0DA008B1084 /* 1.png in Resources */ = {isa = PBXBuildFile; fileRef = DE91D2F82063A0D9008B1084 /* 1.png */; };
/* End PBXBuildFile section */

/* Begin PBXContainerItemProxy section */
		DE785F1D205F6A5E00758B17 /* PBXContainerItemProxy */ = {
			isa = PBXContainerItemProxy;
			containerPortal = DE785EFC205F6A5E00758B17 /* Project object */;
			proxyType = 1;
			remoteGlobalIDString = DE785F03205F6A5E00758B17;
			remoteInfo = PNGradientViewDemo;
		};
		DE785F28205F6A5E00758B17 /* PBXContainerItemProxy */ = {
			isa = PBXContainerItemProxy;
			containerPortal = DE785EFC205F6A5E00758B17 /* Project object */;
			proxyType = 1;
			remoteGlobalIDString = DE785F03205F6A5E00758B17;
			remoteInfo = PNGradientViewDemo;
		};
/* End PBXContainerItemProxy section */

/* Begin PBXFileReference section */
		DE785F04205F6A5E00758B17 /* PNGradientViewDemo.app */ = {isa = PBXFileReference; explicitFileType = wrapper.application; includeInIndex = 0; path = PNGradientViewDemo.app; sourceTree = BUILT_PRODUCTS_DIR; };
		DE785F07205F6A5E00758B17 /* AppDelegate.h */ = {isa = PBXFileReference; lastKnownFileType = sourcecode.c.h; path = AppDelegate.h; sourceTree = "<group>"; };
		DE785F08205F6A5E00758B17 /* AppDelegate.m */ = {isa = PBXFileReference; lastKnownFileType = sourcecode.c.objc; path = AppDelegate.m; sourceTree = "<group>"; };
		DE785F0A205F6A5E00758B17 /* ViewController.h */ = {isa = PBXFileReference; lastKnownFileType = sourcecode.c.h; path = ViewController.h; sourceTree = "<group>"; };
		DE785F0B205F6A5E00758B17 /* ViewController.m */ = {isa = PBXFileReference; lastKnownFileType = sourcecode.c.objc; path = ViewController.m; sourceTree = "<group>"; };
		DE785F0E205F6A5E00758B17 /* Base */ = {isa = PBXFileReference; lastKnownFileType = file.storyboard; name = Base; path = Base.lproj/Main.storyboard; sourceTree = "<group>"; };
		DE785F10205F6A5E00758B17 /* Assets.xcassets */ = {isa = PBXFileReference; lastKnownFileType = folder.assetcatalog; path = Assets.xcassets; sourceTree = "<group>"; };
		DE785F13205F6A5E00758B17 /* Base */ = {isa = PBXFileReference; lastKnownFileType = file.storyboard; name = Base; path = Base.lproj/LaunchScreen.storyboard; sourceTree = "<group>"; };
		DE785F15205F6A5E00758B17 /* Info.plist */ = {isa = PBXFileReference; lastKnownFileType = text.plist.xml; path = Info.plist; sourceTree = "<group>"; };
		DE785F16205F6A5E00758B17 /* main.m */ = {isa = PBXFileReference; lastKnownFileType = sourcecode.c.objc; path = main.m; sourceTree = "<group>"; };
		DE785F1C205F6A5E00758B17 /* PNGradientViewDemoTests.xctest */ = {isa = PBXFileReference; explicitFileType = wrapper.cfbundle; includeInIndex = 0; path = PNGradientViewDemoTests.xctest; sourceTree = BUILT_PRODUCTS_DIR; };
		DE785F20205F6A5E00758B17 /* PNGradientViewDemoTests.m */ = {isa = PBXFileReference; lastKnownFileType = sourcecode.c.objc; path = PNGradientViewDemoTests.m; sourceTree = "<group>"; };
		DE785F22205F6A5E00758B17 /* Info.plist */ = {isa = PBXFileReference; lastKnownFileType = text.plist.xml; path = Info.plist; sourceTree = "<group>"; };
		DE785F27205F6A5E00758B17 /* PNGradientViewDemoUITests.xctest */ = {isa = PBXFileReference; explicitFileType = wrapper.cfbundle; includeInIndex = 0; path = PNGradientViewDemoUITests.xctest; sourceTree = BUILT_PRODUCTS_DIR; };
		DE785F2B205F6A5E00758B17 /* PNGradientViewDemoUITests.m */ = {isa = PBXFileReference; lastKnownFileType = sourcecode.c.objc; path = PNGradientViewDemoUITests.m; sourceTree = "<group>"; };
		DE785F2D205F6A5E00758B17 /* Info.plist */ = {isa = PBXFileReference; lastKnownFileType = text.plist.xml; path = Info.plist; sourceTree = "<group>"; };
		DE785F39205F822900758B17 /* PNGradientButton.h */ = {isa = PBXFileReference; fileEncoding = 4; lastKnownFileType = sourcecode.c.h; path = PNGradientButton.h; sourceTree = "<group>"; };
		DE785F3A205F822900758B17 /* PNGradientButton.m */ = {isa = PBXFileReference; fileEncoding = 4; lastKnownFileType = sourcecode.c.objc; path = PNGradientButton.m; sourceTree = "<group>"; };
		DE785F3C205F825E00758B17 /* PNGradientLabel.h */ = {isa = PBXFileReference; fileEncoding = 4; lastKnownFileType = sourcecode.c.h; path = PNGradientLabel.h; sourceTree = "<group>"; };
		DE785F3D205F825E00758B17 /* PNGradientText.h */ = {isa = PBXFileReference; fileEncoding = 4; lastKnownFileType = sourcecode.c.h; path = PNGradientText.h; sourceTree = "<group>"; };
		DE785F3E205F825E00758B17 /* PNGradientText.m */ = {isa = PBXFileReference; fileEncoding = 4; lastKnownFileType = sourcecode.c.objc; path = PNGradientText.m; sourceTree = "<group>"; };
		DE785F40205F825E00758B17 /* PNGradientLabel.m */ = {isa = PBXFileReference; fileEncoding = 4; lastKnownFileType = sourcecode.c.objc; path = PNGradientLabel.m; sourceTree = "<group>"; };
		DE91D2E4206388FD008B1084 /* PNRandomProgressView.h */ = {isa = PBXFileReference; fileEncoding = 4; lastKnownFileType = sourcecode.c.h; path = PNRandomProgressView.h; sourceTree = "<group>"; };
		DE91D2E5206388FD008B1084 /* PNRandomProgressView.m */ = {isa = PBXFileReference; fileEncoding = 4; lastKnownFileType = sourcecode.c.objc; path = PNRandomProgressView.m; sourceTree = "<group>"; };
		DE91D2E72063927E008B1084 /* PNProgressViewController.h */ = {isa = PBXFileReference; lastKnownFileType = sourcecode.c.h; path = PNProgressViewController.h; sourceTree = "<group>"; };
		DE91D2E82063927E008B1084 /* PNProgressViewController.m */ = {isa = PBXFileReference; lastKnownFileType = sourcecode.c.objc; path = PNProgressViewController.m; sourceTree = "<group>"; };
		DE91D2EA20639288008B1084 /* PNTextViewController.h */ = {isa = PBXFileReference; lastKnownFileType = sourcecode.c.h; path = PNTextViewController.h; sourceTree = "<group>"; };
		DE91D2EB20639288008B1084 /* PNTextViewController.m */ = {isa = PBXFileReference; lastKnownFileType = sourcecode.c.objc; path = PNTextViewController.m; sourceTree = "<group>"; };
		DE91D2ED20639292008B1084 /* PNLabelViewController.h */ = {isa = PBXFileReference; lastKnownFileType = sourcecode.c.h; path = PNLabelViewController.h; sourceTree = "<group>"; };
		DE91D2EE20639292008B1084 /* PNLabelViewController.m */ = {isa = PBXFileReference; lastKnownFileType = sourcecode.c.objc; path = PNLabelViewController.m; sourceTree = "<group>"; };
		DE91D2F02063929B008B1084 /* PNButtonViewController.h */ = {isa = PBXFileReference; lastKnownFileType = sourcecode.c.h; path = PNButtonViewController.h; sourceTree = "<group>"; };
		DE91D2F12063929B008B1084 /* PNButtonViewController.m */ = {isa = PBXFileReference; lastKnownFileType = sourcecode.c.objc; path = PNButtonViewController.m; sourceTree = "<group>"; };
		DE91D2F52063A0D9008B1084 /* 3.png */ = {isa = PBXFileReference; lastKnownFileType = image.png; path = 3.png; sourceTree = "<group>"; };
		DE91D2F62063A0D9008B1084 /* 4.png */ = {isa = PBXFileReference; lastKnownFileType = image.png; path = 4.png; sourceTree = "<group>"; };
		DE91D2F72063A0D9008B1084 /* 2.png */ = {isa = PBXFileReference; lastKnownFileType = image.png; path = 2.png; sourceTree = "<group>"; };
		DE91D2F82063A0D9008B1084 /* 1.png */ = {isa = PBXFileReference; lastKnownFileType = image.png; path = 1.png; sourceTree = "<group>"; };
/* End PBXFileReference section */

/* Begin PBXFrameworksBuildPhase section */
		DE785F01205F6A5E00758B17 /* Frameworks */ = {
			isa = PBXFrameworksBuildPhase;
			buildActionMask = 2147483647;
			files = (
			);
			runOnlyForDeploymentPostprocessing = 0;
		};
		DE785F19205F6A5E00758B17 /* Frameworks */ = {
			isa = PBXFrameworksBuildPhase;
			buildActionMask = 2147483647;
			files = (
			);
			runOnlyForDeploymentPostprocessing = 0;
		};
		DE785F24205F6A5E00758B17 /* Frameworks */ = {
			isa = PBXFrameworksBuildPhase;
			buildActionMask = 2147483647;
			files = (
			);
			runOnlyForDeploymentPostprocessing = 0;
		};
/* End PBXFrameworksBuildPhase section */

/* Begin PBXGroup section */
		DE785EFB205F6A5E00758B17 = {
			isa = PBXGroup;
			children = (
				DE785F06205F6A5E00758B17 /* PNGradientViewDemo */,
				DE785F1F205F6A5E00758B17 /* PNGradientViewDemoTests */,
				DE785F2A205F6A5E00758B17 /* PNGradientViewDemoUITests */,
				DE785F05205F6A5E00758B17 /* Products */,
			);
			sourceTree = "<group>";
		};
		DE785F05205F6A5E00758B17 /* Products */ = {
			isa = PBXGroup;
			children = (
				DE785F04205F6A5E00758B17 /* PNGradientViewDemo.app */,
				DE785F1C205F6A5E00758B17 /* PNGradientViewDemoTests.xctest */,
				DE785F27205F6A5E00758B17 /* PNGradientViewDemoUITests.xctest */,
			);
			name = Products;
			sourceTree = "<group>";
		};
		DE785F06205F6A5E00758B17 /* PNGradientViewDemo */ = {
			isa = PBXGroup;
			children = (
				DE785F07205F6A5E00758B17 /* AppDelegate.h */,
				DE785F08205F6A5E00758B17 /* AppDelegate.m */,
				DE785F0A205F6A5E00758B17 /* ViewController.h */,
				DE785F0B205F6A5E00758B17 /* ViewController.m */,
				DE91D2F42063A081008B1084 /* GradientVc */,
				DE785F45205F849B00758B17 /* PNGradientView */,
				DE785F0D205F6A5E00758B17 /* Main.storyboard */,
				DE785F10205F6A5E00758B17 /* Assets.xcassets */,
				DE785F12205F6A5E00758B17 /* LaunchScreen.storyboard */,
				DE785F15205F6A5E00758B17 /* Info.plist */,
				DE785F16205F6A5E00758B17 /* main.m */,
			);
			path = PNGradientViewDemo;
			sourceTree = "<group>";
		};
		DE785F1F205F6A5E00758B17 /* PNGradientViewDemoTests */ = {
			isa = PBXGroup;
			children = (
				DE785F20205F6A5E00758B17 /* PNGradientViewDemoTests.m */,
				DE785F22205F6A5E00758B17 /* Info.plist */,
			);
			path = PNGradientViewDemoTests;
			sourceTree = "<group>";
		};
		DE785F2A205F6A5E00758B17 /* PNGradientViewDemoUITests */ = {
			isa = PBXGroup;
			children = (
				DE785F2B205F6A5E00758B17 /* PNGradientViewDemoUITests.m */,
				DE785F2D205F6A5E00758B17 /* Info.plist */,
			);
			path = PNGradientViewDemoUITests;
			sourceTree = "<group>";
		};
		DE785F45205F849B00758B17 /* PNGradientView */ = {
			isa = PBXGroup;
			children = (
				DE785F49205F896800758B17 /* progressGradientColor */,
				DE785F48205F895500758B17 /* textGradientColor */,
				DE785F47205F85A600758B17 /* labelBgGradientColor */,
				DE785F46205F857600758B17 /* buttonBgGradientColor */,
			);
			path = PNGradientView;
			sourceTree = "<group>";
		};
		DE785F46205F857600758B17 /* buttonBgGradientColor */ = {
			isa = PBXGroup;
			children = (
				DE785F39205F822900758B17 /* PNGradientButton.h */,
				DE785F3A205F822900758B17 /* PNGradientButton.m */,
			);
			path = buttonBgGradientColor;
			sourceTree = "<group>";
		};
		DE785F47205F85A600758B17 /* labelBgGradientColor */ = {
			isa = PBXGroup;
			children = (
				DE785F3C205F825E00758B17 /* PNGradientLabel.h */,
				DE785F40205F825E00758B17 /* PNGradientLabel.m */,
			);
			path = labelBgGradientColor;
			sourceTree = "<group>";
		};
		DE785F48205F895500758B17 /* textGradientColor */ = {
			isa = PBXGroup;
			children = (
				DE785F3D205F825E00758B17 /* PNGradientText.h */,
				DE785F3E205F825E00758B17 /* PNGradientText.m */,
			);
			path = textGradientColor;
			sourceTree = "<group>";
		};
		DE785F49205F896800758B17 /* progressGradientColor */ = {
			isa = PBXGroup;
			children = (
				DE91D2E4206388FD008B1084 /* PNRandomProgressView.h */,
				DE91D2E5206388FD008B1084 /* PNRandomProgressView.m */,
			);
			path = progressGradientColor;
			sourceTree = "<group>";
		};
		DE91D2F42063A081008B1084 /* GradientVc */ = {
			isa = PBXGroup;
			children = (
				DE91D2E72063927E008B1084 /* PNProgressViewController.h */,
				DE91D2E82063927E008B1084 /* PNProgressViewController.m */,
				DE91D2EA20639288008B1084 /* PNTextViewController.h */,
				DE91D2EB20639288008B1084 /* PNTextViewController.m */,
				DE91D2ED20639292008B1084 /* PNLabelViewController.h */,
				DE91D2EE20639292008B1084 /* PNLabelViewController.m */,
				DE91D2F02063929B008B1084 /* PNButtonViewController.h */,
				DE91D2F12063929B008B1084 /* PNButtonViewController.m */,
				DE91D2F82063A0D9008B1084 /* 1.png */,
				DE91D2F72063A0D9008B1084 /* 2.png */,
				DE91D2F52063A0D9008B1084 /* 3.png */,
				DE91D2F62063A0D9008B1084 /* 4.png */,
			);
			path = GradientVc;
			sourceTree = "<group>";
		};
/* End PBXGroup section */

/* Begin PBXNativeTarget section */
		DE785F03205F6A5E00758B17 /* PNGradientViewDemo */ = {
			isa = PBXNativeTarget;
			buildConfigurationList = DE785F30205F6A5E00758B17 /* Build configuration list for PBXNativeTarget "PNGradientViewDemo" */;
			buildPhases = (
				DE785F00205F6A5E00758B17 /* Sources */,
				DE785F01205F6A5E00758B17 /* Frameworks */,
				DE785F02205F6A5E00758B17 /* Resources */,
			);
			buildRules = (
			);
			dependencies = (
			);
			name = PNGradientViewDemo;
			productName = PNGradientViewDemo;
			productReference = DE785F04205F6A5E00758B17 /* PNGradientViewDemo.app */;
			productType = "com.apple.product-type.application";
		};
		DE785F1B205F6A5E00758B17 /* PNGradientViewDemoTests */ = {
			isa = PBXNativeTarget;
			buildConfigurationList = DE785F33205F6A5E00758B17 /* Build configuration list for PBXNativeTarget "PNGradientViewDemoTests" */;
			buildPhases = (
				DE785F18205F6A5E00758B17 /* Sources */,
				DE785F19205F6A5E00758B17 /* Frameworks */,
				DE785F1A205F6A5E00758B17 /* Resources */,
			);
			buildRules = (
			);
			dependencies = (
				DE785F1E205F6A5E00758B17 /* PBXTargetDependency */,
			);
			name = PNGradientViewDemoTests;
			productName = PNGradientViewDemoTests;
			productReference = DE785F1C205F6A5E00758B17 /* PNGradientViewDemoTests.xctest */;
			productType = "com.apple.product-type.bundle.unit-test";
		};
		DE785F26205F6A5E00758B17 /* PNGradientViewDemoUITests */ = {
			isa = PBXNativeTarget;
			buildConfigurationList = DE785F36205F6A5E00758B17 /* Build configuration list for PBXNativeTarget "PNGradientViewDemoUITests" */;
			buildPhases = (
				DE785F23205F6A5E00758B17 /* Sources */,
				DE785F24205F6A5E00758B17 /* Frameworks */,
				DE785F25205F6A5E00758B17 /* Resources */,
			);
			buildRules = (
			);
			dependencies = (
				DE785F29205F6A5E00758B17 /* PBXTargetDependency */,
			);
			name = PNGradientViewDemoUITests;
			productName = PNGradientViewDemoUITests;
			productReference = DE785F27205F6A5E00758B17 /* PNGradientViewDemoUITests.xctest */;
			productType = "com.apple.product-type.bundle.ui-testing";
		};
/* End PBXNativeTarget section */

/* Begin PBXProject section */
		DE785EFC205F6A5E00758B17 /* Project object */ = {
			isa = PBXProject;
			attributes = {
				LastUpgradeCheck = 0920;
				ORGANIZATIONNAME = LPN;
				TargetAttributes = {
					DE785F03205F6A5E00758B17 = {
						CreatedOnToolsVersion = 9.2;
						ProvisioningStyle = Automatic;
					};
					DE785F1B205F6A5E00758B17 = {
						CreatedOnToolsVersion = 9.2;
						ProvisioningStyle = Automatic;
						TestTargetID = DE785F03205F6A5E00758B17;
					};
					DE785F26205F6A5E00758B17 = {
						CreatedOnToolsVersion = 9.2;
						ProvisioningStyle = Automatic;
						TestTargetID = DE785F03205F6A5E00758B17;
					};
				};
			};
			buildConfigurationList = DE785EFF205F6A5E00758B17 /* Build configuration list for PBXProject "PNGradientViewDemo" */;
			compatibilityVersion = "Xcode 8.0";
			developmentRegion = en;
			hasScannedForEncodings = 0;
			knownRegions = (
				en,
				Base,
			);
			mainGroup = DE785EFB205F6A5E00758B17;
			productRefGroup = DE785F05205F6A5E00758B17 /* Products */;
			projectDirPath = "";
			projectRoot = "";
			targets = (
				DE785F03205F6A5E00758B17 /* PNGradientViewDemo */,
				DE785F1B205F6A5E00758B17 /* PNGradientViewDemoTests */,
				DE785F26205F6A5E00758B17 /* PNGradientViewDemoUITests */,
			);
		};
/* End PBXProject section */

/* Begin PBXResourcesBuildPhase section */
		DE785F02205F6A5E00758B17 /* Resources */ = {
			isa = PBXResourcesBuildPhase;
			buildActionMask = 2147483647;
			files = (
				DE91D2FB2063A0DA008B1084 /* 2.png in Resources */,
				DE785F14205F6A5E00758B17 /* LaunchScreen.storyboard in Resources */,
				DE785F11205F6A5E00758B17 /* Assets.xcassets in Resources */,
				DE785F0F205F6A5E00758B17 /* Main.storyboard in Resources */,
				DE91D2FA2063A0DA008B1084 /* 4.png in Resources */,
				DE91D2F92063A0DA008B1084 /* 3.png in Resources */,
				DE91D2FC2063A0DA008B1084 /* 1.png in Resources */,
			);
			runOnlyForDeploymentPostprocessing = 0;
		};
		DE785F1A205F6A5E00758B17 /* Resources */ = {
			isa = PBXResourcesBuildPhase;
			buildActionMask = 2147483647;
			files = (
			);
			runOnlyForDeploymentPostprocessing = 0;
		};
		DE785F25205F6A5E00758B17 /* Resources */ = {
			isa = PBXResourcesBuildPhase;
			buildActionMask = 2147483647;
			files = (
			);
			runOnlyForDeploymentPostprocessing = 0;
		};
/* End PBXResourcesBuildPhase section */

/* Begin PBXSourcesBuildPhase section */
		DE785F00205F6A5E00758B17 /* Sources */ = {
			isa = PBXSourcesBuildPhase;
			buildActionMask = 2147483647;
			files = (
				DE785F0C205F6A5E00758B17 /* ViewController.m in Sources */,
				DE785F3B205F822900758B17 /* PNGradientButton.m in Sources */,
				DE91D2F22063929B008B1084 /* PNButtonViewController.m in Sources */,
				DE785F17205F6A5E00758B17 /* main.m in Sources */,
				DE785F42205F825F00758B17 /* PNGradientText.m in Sources */,
				DE91D2EC20639288008B1084 /* PNTextViewController.m in Sources */,
				DE91D2E6206388FE008B1084 /* PNRandomProgressView.m in Sources */,
				DE785F09205F6A5E00758B17 /* AppDelegate.m in Sources */,
				DE785F43205F825F00758B17 /* PNGradientLabel.m in Sources */,
				DE91D2E92063927E008B1084 /* PNProgressViewController.m in Sources */,
				DE91D2EF20639292008B1084 /* PNLabelViewController.m in Sources */,
			);
			runOnlyForDeploymentPostprocessing = 0;
		};
		DE785F18205F6A5E00758B17 /* Sources */ = {
			isa = PBXSourcesBuildPhase;
			buildActionMask = 2147483647;
			files = (
				DE785F21205F6A5E00758B17 /* PNGradientViewDemoTests.m in Sources */,
			);
			runOnlyForDeploymentPostprocessing = 0;
		};
		DE785F23205F6A5E00758B17 /* Sources */ = {
			isa = PBXSourcesBuildPhase;
			buildActionMask = 2147483647;
			files = (
				DE785F2C205F6A5E00758B17 /* PNGradientViewDemoUITests.m in Sources */,
			);
			runOnlyForDeploymentPostprocessing = 0;
		};
/* End PBXSourcesBuildPhase section */

/* Begin PBXTargetDependency section */
		DE785F1E205F6A5E00758B17 /* PBXTargetDependency */ = {
			isa = PBXTargetDependency;
			target = DE785F03205F6A5E00758B17 /* PNGradientViewDemo */;
			targetProxy = DE785F1D205F6A5E00758B17 /* PBXContainerItemProxy */;
		};
		DE785F29205F6A5E00758B17 /* PBXTargetDependency */ = {
			isa = PBXTargetDependency;
			target = DE785F03205F6A5E00758B17 /* PNGradientViewDemo */;
			targetProxy = DE785F28205F6A5E00758B17 /* PBXContainerItemProxy */;
		};
/* End PBXTargetDependency section */

/* Begin PBXVariantGroup section */
		DE785F0D205F6A5E00758B17 /* Main.storyboard */ = {
			isa = PBXVariantGroup;
			children = (
				DE785F0E205F6A5E00758B17 /* Base */,
			);
			name = Main.storyboard;
			sourceTree = "<group>";
		};
		DE785F12205F6A5E00758B17 /* LaunchScreen.storyboard */ = {
			isa = PBXVariantGroup;
			children = (
				DE785F13205F6A5E00758B17 /* Base */,
			);
			name = LaunchScreen.storyboard;
			sourceTree = "<group>";
		};
/* End PBXVariantGroup section */

/* Begin XCBuildConfiguration section */
		DE785F2E205F6A5E00758B17 /* Debug */ = {
			isa = XCBuildConfiguration;
			buildSettings = {
				ALWAYS_SEARCH_USER_PATHS = NO;
				CLANG_ANALYZER_NONNULL = YES;
				CLANG_ANALYZER_NUMBER_OBJECT_CONVERSION = YES_AGGRESSIVE;
				CLANG_CXX_LANGUAGE_STANDARD = "gnu++14";
				CLANG_CXX_LIBRARY = "libc++";
				CLANG_ENABLE_MODULES = YES;
				CLANG_ENABLE_OBJC_ARC = YES;
				CLANG_WARN_BLOCK_CAPTURE_AUTORELEASING = YES;
				CLANG_WARN_BOOL_CONVERSION = YES;
				CLANG_WARN_COMMA = YES;
				CLANG_WARN_CONSTANT_CONVERSION = YES;
				CLANG_WARN_DIRECT_OBJC_ISA_USAGE = YES_ERROR;
				CLANG_WARN_DOCUMENTATION_COMMENTS = YES;
				CLANG_WARN_EMPTY_BODY = YES;
				CLANG_WARN_ENUM_CONVERSION = YES;
				CLANG_WARN_INFINITE_RECURSION = YES;
				CLANG_WARN_INT_CONVERSION = YES;
				CLANG_WARN_NON_LITERAL_NULL_CONVERSION = YES;
				CLANG_WARN_OBJC_LITERAL_CONVERSION = YES;
				CLANG_WARN_OBJC_ROOT_CLASS = YES_ERROR;
				CLANG_WARN_RANGE_LOOP_ANALYSIS = YES;
				CLANG_WARN_STRICT_PROTOTYPES = YES;
				CLANG_WARN_SUSPICIOUS_MOVE = YES;
				CLANG_WARN_UNGUARDED_AVAILABILITY = YES_AGGRESSIVE;
				CLANG_WARN_UNREACHABLE_CODE = YES;
				CLANG_WARN__DUPLICATE_METHOD_MATCH = YES;
				CODE_SIGN_IDENTITY = "iPhone Developer";
				COPY_PHASE_STRIP = NO;
				DEBUG_INFORMATION_FORMAT = dwarf;
				ENABLE_STRICT_OBJC_MSGSEND = YES;
				ENABLE_TESTABILITY = YES;
				GCC_C_LANGUAGE_STANDARD = gnu11;
				GCC_DYNAMIC_NO_PIC = NO;
				GCC_NO_COMMON_BLOCKS = YES;
				GCC_OPTIMIZATION_LEVEL = 0;
				GCC_PREPROCESSOR_DEFINITIONS = (
					"DEBUG=1",
					"$(inherited)",
				);
				GCC_WARN_64_TO_32_BIT_CONVERSION = YES;
				GCC_WARN_ABOUT_RETURN_TYPE = YES_ERROR;
				GCC_WARN_UNDECLARED_SELECTOR = YES;
				GCC_WARN_UNINITIALIZED_AUTOS = YES_AGGRESSIVE;
				GCC_WARN_UNUSED_FUNCTION = YES;
				GCC_WARN_UNUSED_VARIABLE = YES;
				IPHONEOS_DEPLOYMENT_TARGET = 11.2;
				MTL_ENABLE_DEBUG_INFO = YES;
				ONLY_ACTIVE_ARCH = YES;
				SDKROOT = iphoneos;
			};
			name = Debug;
		};
		DE785F2F205F6A5E00758B17 /* Release */ = {
			isa = XCBuildConfiguration;
			buildSettings = {
				ALWAYS_SEARCH_USER_PATHS = NO;
				CLANG_ANALYZER_NONNULL = YES;
				CLANG_ANALYZER_NUMBER_OBJECT_CONVERSION = YES_AGGRESSIVE;
				CLANG_CXX_LANGUAGE_STANDARD = "gnu++14";
				CLANG_CXX_LIBRARY = "libc++";
				CLANG_ENABLE_MODULES = YES;
				CLANG_ENABLE_OBJC_ARC = YES;
				CLANG_WARN_BLOCK_CAPTURE_AUTORELEASING = YES;
				CLANG_WARN_BOOL_CONVERSION = YES;
				CLANG_WARN_COMMA = YES;
				CLANG_WARN_CONSTANT_CONVERSION = YES;
				CLANG_WARN_DIRECT_OBJC_ISA_USAGE = YES_ERROR;
				CLANG_WARN_DOCUMENTATION_COMMENTS = YES;
				CLANG_WARN_EMPTY_BODY = YES;
				CLANG_WARN_ENUM_CONVERSION = YES;
				CLANG_WARN_INFINITE_RECURSION = YES;
				CLANG_WARN_INT_CONVERSION = YES;
				CLANG_WARN_NON_LITERAL_NULL_CONVERSION = YES;
				CLANG_WARN_OBJC_LITERAL_CONVERSION = YES;
				CLANG_WARN_OBJC_ROOT_CLASS = YES_ERROR;
				CLANG_WARN_RANGE_LOOP_ANALYSIS = YES;
				CLANG_WARN_STRICT_PROTOTYPES = YES;
				CLANG_WARN_SUSPICIOUS_MOVE = YES;
				CLANG_WARN_UNGUARDED_AVAILABILITY = YES_AGGRESSIVE;
				CLANG_WARN_UNREACHABLE_CODE = YES;
				CLANG_WARN__DUPLICATE_METHOD_MATCH = YES;
				CODE_SIGN_IDENTITY = "iPhone Developer";
				COPY_PHASE_STRIP = NO;
				DEBUG_INFORMATION_FORMAT = "dwarf-with-dsym";
				ENABLE_NS_ASSERTIONS = NO;
				ENABLE_STRICT_OBJC_MSGSEND = YES;
				GCC_C_LANGUAGE_STANDARD = gnu11;
				GCC_NO_COMMON_BLOCKS = YES;
				GCC_WARN_64_TO_32_BIT_CONVERSION = YES;
				GCC_WARN_ABOUT_RETURN_TYPE = YES_ERROR;
				GCC_WARN_UNDECLARED_SELECTOR = YES;
				GCC_WARN_UNINITIALIZED_AUTOS = YES_AGGRESSIVE;
				GCC_WARN_UNUSED_FUNCTION = YES;
				GCC_WARN_UNUSED_VARIABLE = YES;
				IPHONEOS_DEPLOYMENT_TARGET = 11.2;
				MTL_ENABLE_DEBUG_INFO = NO;
				SDKROOT = iphoneos;
				VALIDATE_PRODUCT = YES;
			};
			name = Release;
		};
		DE785F31205F6A5E00758B17 /* Debug */ = {
			isa = XCBuildConfiguration;
			buildSettings = {
				ASSETCATALOG_COMPILER_APPICON_NAME = AppIcon;
				CODE_SIGN_STYLE = Automatic;
				DEVELOPMENT_TEAM = C52WJCU59Y;
				INFOPLIST_FILE = PNGradientViewDemo/Info.plist;
				LD_RUNPATH_SEARCH_PATHS = "$(inherited) @executable_path/Frameworks";
				PRODUCT_BUNDLE_IDENTIFIER = com.baiquandai.www.PNGradientViewDemo;
				PRODUCT_NAME = "$(TARGET_NAME)";
				TARGETED_DEVICE_FAMILY = "1,2";
			};
			name = Debug;
		};
		DE785F32205F6A5E00758B17 /* Release */ = {
			isa = XCBuildConfiguration;
			buildSettings = {
				ASSETCATALOG_COMPILER_APPICON_NAME = AppIcon;
				CODE_SIGN_STYLE = Automatic;
				DEVELOPMENT_TEAM = C52WJCU59Y;
				INFOPLIST_FILE = PNGradientViewDemo/Info.plist;
				LD_RUNPATH_SEARCH_PATHS = "$(inherited) @executable_path/Frameworks";
				PRODUCT_BUNDLE_IDENTIFIER = com.baiquandai.www.PNGradientViewDemo;
				PRODUCT_NAME = "$(TARGET_NAME)";
				TARGETED_DEVICE_FAMILY = "1,2";
			};
			name = Release;
		};
		DE785F34205F6A5E00758B17 /* Debug */ = {
			isa = XCBuildConfiguration;
			buildSettings = {
				BUNDLE_LOADER = "$(TEST_HOST)";
				CODE_SIGN_STYLE = Automatic;
				DEVELOPMENT_TEAM = C52WJCU59Y;
				INFOPLIST_FILE = PNGradientViewDemoTests/Info.plist;
				LD_RUNPATH_SEARCH_PATHS = "$(inherited) @executable_path/Frameworks @loader_path/Frameworks";
				PRODUCT_BUNDLE_IDENTIFIER = com.baiquandai.www.PNGradientViewDemoTests;
				PRODUCT_NAME = "$(TARGET_NAME)";
				TARGETED_DEVICE_FAMILY = "1,2";
				TEST_HOST = "$(BUILT_PRODUCTS_DIR)/PNGradientViewDemo.app/PNGradientViewDemo";
			};
			name = Debug;
		};
		DE785F35205F6A5E00758B17 /* Release */ = {
			isa = XCBuildConfiguration;
			buildSettings = {
				BUNDLE_LOADER = "$(TEST_HOST)";
				CODE_SIGN_STYLE = Automatic;
				DEVELOPMENT_TEAM = C52WJCU59Y;
				INFOPLIST_FILE = PNGradientViewDemoTests/Info.plist;
				LD_RUNPATH_SEARCH_PATHS = "$(inherited) @executable_path/Frameworks @loader_path/Frameworks";
				PRODUCT_BUNDLE_IDENTIFIER = com.baiquandai.www.PNGradientViewDemoTests;
				PRODUCT_NAME = "$(TARGET_NAME)";
				TARGETED_DEVICE_FAMILY = "1,2";
				TEST_HOST = "$(BUILT_PRODUCTS_DIR)/PNGradientViewDemo.app/PNGradientViewDemo";
			};
			name = Release;
		};
		DE785F37205F6A5E00758B17 /* Debug */ = {
			isa = XCBuildConfiguration;
			buildSettings = {
				CODE_SIGN_STYLE = Automatic;
				DEVELOPMENT_TEAM = C52WJCU59Y;
				INFOPLIST_FILE = PNGradientViewDemoUITests/Info.plist;
				LD_RUNPATH_SEARCH_PATHS = "$(inherited) @executable_path/Frameworks @loader_path/Frameworks";
				PRODUCT_BUNDLE_IDENTIFIER = com.baiquandai.www.PNGradientViewDemoUITests;
				PRODUCT_NAME = "$(TARGET_NAME)";
				TARGETED_DEVICE_FAMILY = "1,2";
				TEST_TARGET_NAME = PNGradientViewDemo;
			};
			name = Debug;
		};
		DE785F38205F6A5E00758B17 /* Release */ = {
			isa = XCBuildConfiguration;
			buildSettings = {
				CODE_SIGN_STYLE = Automatic;
				DEVELOPMENT_TEAM = C52WJCU59Y;
				INFOPLIST_FILE = PNGradientViewDemoUITests/Info.plist;
				LD_RUNPATH_SEARCH_PATHS = "$(inherited) @executable_path/Frameworks @loader_path/Frameworks";
				PRODUCT_BUNDLE_IDENTIFIER = com.baiquandai.www.PNGradientViewDemoUITests;
				PRODUCT_NAME = "$(TARGET_NAME)";
				TARGETED_DEVICE_FAMILY = "1,2";
				TEST_TARGET_NAME = PNGradientViewDemo;
			};
			name = Release;
		};
/* End XCBuildConfiguration section */

/* Begin XCConfigurationList section */
		DE785EFF205F6A5E00758B17 /* Build configuration list for PBXProject "PNGradientViewDemo" */ = {
			isa = XCConfigurationList;
			buildConfigurations = (
				DE785F2E205F6A5E00758B17 /* Debug */,
				DE785F2F205F6A5E00758B17 /* Release */,
			);
			defaultConfigurationIsVisible = 0;
			defaultConfigurationName = Release;
		};
		DE785F30205F6A5E00758B17 /* Build configuration list for PBXNativeTarget "PNGradientViewDemo" */ = {
			isa = XCConfigurationList;
			buildConfigurations = (
				DE785F31205F6A5E00758B17 /* Debug */,
				DE785F32205F6A5E00758B17 /* Release */,
			);
			defaultConfigurationIsVisible = 0;
			defaultConfigurationName = Release;
		};
		DE785F33205F6A5E00758B17 /* Build configuration list for PBXNativeTarget "PNGradientViewDemoTests" */ = {
			isa = XCConfigurationList;
			buildConfigurations = (
				DE785F34205F6A5E00758B17 /* Debug */,
				DE785F35205F6A5E00758B17 /* Release */,
			);
			defaultConfigurationIsVisible = 0;
			defaultConfigurationName = Release;
		};
		DE785F36205F6A5E00758B17 /* Build configuration list for PBXNativeTarget "PNGradientViewDemoUITests" */ = {
			isa = XCConfigurationList;
			buildConfigurations = (
				DE785F37205F6A5E00758B17 /* Debug */,
				DE785F38205F6A5E00758B17 /* Release */,
			);
			defaultConfigurationIsVisible = 0;
			defaultConfigurationName = Release;
		};
/* End XCConfigurationList section */
	};
	rootObject = DE785EFC205F6A5E00758B17 /* Project object */;
}
